
Microsoft Visual Studio Solution File, Format Version 12.00
# Visual Studio Version 17
VisualStudioVersion = 17.5.002.0
MinimumVisualStudioVersion = 10.0.40219.1
Project("{9A19103F-16F7-4668-BE54-9A1E7A4F7556}") = "WebAPOI", "WebAPOI.csproj", "{BC1AE043-D089-4041-B3BB-EB8C7CDC4792}"
EndProject
Global
	GlobalSection(SolutionConfigurationPlatforms) = preSolution
		Debug|Any CPU = Debug|Any CPU
		Release|Any CPU = Release|Any CPU
	EndGlobalSection
	GlobalSection(ProjectConfigurationPlatforms) = postSolution
		{BC1AE043-D089-4041-B3BB-EB8C7CDC4792}.Debug|Any CPU.ActiveCfg = Debug|Any CPU
		{BC1AE043-D089-4041-B3BB-EB8C7CDC4792}.Debug|Any CPU.Build.0 = Debug|Any CPU
		{BC1AE043-D089-4041-B3BB-EB8C7CDC4792}.Release|Any CPU.ActiveCfg = Release|Any CPU
		{BC1AE043-D089-4041-B3BB-EB8C7CDC4792}.Release|Any CPU.Build.0 = Release|Any CPU
	EndGlobalSection
	GlobalSection(SolutionProperties) = preSolution
		HideSolutionNode = FALSE
	EndGlobalSection
	GlobalSection(ExtensibilityGlobals) = postSolution
		SolutionGuid = {06289539-B76A-4082-BCB1-771D059667B6}
	EndGlobalSection
EndGlobal
