
Microsoft Visual Studio Solution File, Format Version 12.00
# Visual Studio Version 17
VisualStudioVersion = 17.5.002.0
MinimumVisualStudioVersion = 10.0.40219.1
Project("{9A19103F-16F7-4668-BE54-9A1E7A4F7556}") = "Exam", "Exam.csproj", "{2553CC67-DCA3-493C-8F5B-CCDE7735FB00}"
EndProject
Global
	GlobalSection(SolutionConfigurationPlatforms) = preSolution
		Debug|Any CPU = Debug|Any CPU
		Release|Any CPU = Release|Any CPU
	EndGlobalSection
	GlobalSection(ProjectConfigurationPlatforms) = postSolution
		{2553CC67-DCA3-493C-8F5B-CCDE7735FB00}.Debug|Any CPU.ActiveCfg = Debug|Any CPU
		{2553CC67-DCA3-493C-8F5B-CCDE7735FB00}.Debug|Any CPU.Build.0 = Debug|Any CPU
		{2553CC67-DCA3-493C-8F5B-CCDE7735FB00}.Release|Any CPU.ActiveCfg = Release|Any CPU
		{2553CC67-DCA3-493C-8F5B-CCDE7735FB00}.Release|Any CPU.Build.0 = Release|Any CPU
	EndGlobalSection
	GlobalSection(SolutionProperties) = preSolution
		HideSolutionNode = FALSE
	EndGlobalSection
	GlobalSection(ExtensibilityGlobals) = postSolution
		SolutionGuid = {663F5DE9-ED3E-42E1-A084-62BA33E2EB8D}
	EndGlobalSection
EndGlobal
