
Microsoft Visual Studio Solution File, Format Version 12.00
# Visual Studio Version 17
VisualStudioVersion = 17.0.31903.59
MinimumVisualStudioVersion = 10.0.40219.1
Project("{FAE04EC0-301F-11D3-BF4B-00C04F79EFBC}") = "Banking", "Banking\Banking.csproj", "{A55B8E2E-54FE-4A60-9CAA-09D1C8D31A72}"
EndProject
Project("{FAE04EC0-301F-11D3-BF4B-00C04F79EFBC}") = "HDFCApp", "HDFCApp\HDFCApp.csproj", "{5759D5CE-10AC-4B0D-9B38-4BF426805EA6}"
EndProject
Global
	GlobalSection(SolutionConfigurationPlatforms) = preSolution
		Debug|Any CPU = Debug|Any CPU
		Release|Any CPU = Release|Any CPU
	EndGlobalSection
	GlobalSection(SolutionProperties) = preSolution
		HideSolutionNode = FALSE
	EndGlobalSection
	GlobalSection(ProjectConfigurationPlatforms) = postSolution
		{A55B8E2E-54FE-4A60-9CAA-09D1C8D31A72}.Debug|Any CPU.ActiveCfg = Debug|Any CPU
		{A55B8E2E-54FE-4A60-9CAA-09D1C8D31A72}.Debug|Any CPU.Build.0 = Debug|Any CPU
		{A55B8E2E-54FE-4A60-9CAA-09D1C8D31A72}.Release|Any CPU.ActiveCfg = Release|Any CPU
		{A55B8E2E-54FE-4A60-9CAA-09D1C8D31A72}.Release|Any CPU.Build.0 = Release|Any CPU
		{5759D5CE-10AC-4B0D-9B38-4BF426805EA6}.Debug|Any CPU.ActiveCfg = Debug|Any CPU
		{5759D5CE-10AC-4B0D-9B38-4BF426805EA6}.Debug|Any CPU.Build.0 = Debug|Any CPU
		{5759D5CE-10AC-4B0D-9B38-4BF426805EA6}.Release|Any CPU.ActiveCfg = Release|Any CPU
		{5759D5CE-10AC-4B0D-9B38-4BF426805EA6}.Release|Any CPU.Build.0 = Release|Any CPU
	EndGlobalSection
EndGlobal
